// !$*UTF8*$!
{
	archiveVersion = 1;
	classes = {
	};
	objectVersion = 77;
	objects = {

/* Begin PBXBuildFile section */
		D3291E3A304FF6A200CCF3FC /* Then in Frameworks */ = {isa = PBXBuildFile; productRef = D3291E39304FF6A200CCF3FC /* Then */; };
		D3291E3D304FF6AA00CCF3FC /* SnapKit in Frameworks */ = {isa = PBXBuildFile; productRef = D3291E3C304FF6AA00CCF3FC /* SnapKit */; };
		D3291E40304FF6BF00CCF3FC /* RxBlocking in Frameworks */ = {isa = PBXBuildFile; productRef = D3291E3F304FF6BF00CCF3FC /* RxBlocking */; };
		D3291E42304FF6BF00CCF3FC /* RxCocoa in Frameworks */ = {isa = PBXBuildFile; productRef = D3291E41304FF6BF00CCF3FC /* RxCocoa */; };
		D3291E44304FF6BF00CCF3FC /* RxSwift in Frameworks */ = {isa = PBXBuildFile; productRef = D3291E43304FF6BF00CCF3FC /* RxSwift */; };
		D3291E46304FF6BF00CCF3FC /* RxTest in Frameworks */ = {isa = PBXBuildFile; productRef = D3291E45304FF6BF00CCF3FC /* RxTest */; };
/* End PBXBuildFile section */

/* Begin PBXContainerItemProxy section */
		D3291E0A304FF17000CCF3FC /* PBXContainerItemProxy */ = {
			isa = PBXContainerItemProxy;
			containerPortal = D3291DEB304FF16D00CCF3FC /* Project object */;
			proxyType = 1;
			remoteGlobalIDString = D3291DF2304FF16D00CCF3FC;
			remoteInfo = RxChat;
		};
		D3291E14304FF17000CCF3FC /* PBXContainerItemProxy */ = {
			isa = PBXContainerItemProxy;
			containerPortal = D3291DEB304FF16D00CCF3FC /* Project object */;
			proxyType = 1;
			remoteGlobalIDString = D3291DF2304FF16D00CCF3FC;
			remoteInfo = RxChat;
		};
/* End PBXContainerItemProxy section */

/* Begin PBXFileReference section */
		D3291DF3304FF16D00CCF3FC /* RxChat.app */ = {isa = PBXFileReference; explicitFileType = wrapper.application; includeInIndex = 0; path = RxChat.app; sourceTree = BUILT_PRODUCTS_DIR; };
		D3291E09304FF17000CCF3FC /* RxChatTests.xctest */ = {isa = PBXFileReference; explicitFileType = wrapper.cfbundle; includeInIndex = 0; path = RxChatTests.xctest; sourceTree = BUILT_PRODUCTS_DIR; };
		D3291E13304FF17000CCF3FC /* RxChatUITests.xctest */ = {isa = PBXFileReference; explicitFileType = wrapper.cfbundle; includeInIndex = 0; path = RxChatUITests.xctest; sourceTree = BUILT_PRODUCTS_DIR; };
/* End PBXFileReference section */

/* Begin PBXFileSystemSynchronizedBuildFileExceptionSet section */
		D3291E1B304FF17000CCF3FC /* Exceptions for "RxChat" folder in "RxChat" target */ = {
			isa = PBXFileSystemSynchronizedBuildFileExceptionSet;
			membershipExceptions = (
				App/Resource/Info.plist,
			);
			target = D3291DF2304FF16D00CCF3FC /* RxChat */;
		};
/* End PBXFileSystemSynchronizedBuildFileExceptionSet section */

/* Begin PBXFileSystemSynchronizedRootGroup section */
		D3291DF5304FF16D00CCF3FC /* RxChat */ = {
			isa = PBXFileSystemSynchronizedRootGroup;
			exceptions = (
				D3291E1B304FF17000CCF3FC /* Exceptions for "RxChat" folder in "RxChat" target */,
			);
			path = RxChat;
			sourceTree = "<group>";
		};
		D3291E0C304FF17000CCF3FC /* RxChatTests */ = {
			isa = PBXFileSystemSynchronizedRootGroup;
			path = RxChatTests;
			sourceTree = "<group>";
		};
		D3291E16304FF17000CCF3FC /* RxChatUITests */ = {
			isa = PBXFileSystemSynchronizedRootGroup;
			path = RxChatUITests;
			sourceTree = "<group>";
		};
/* End PBXFileSystemSynchronizedRootGroup section */

/* Begin PBXFrameworksBuildPhase section */
		D3291DF0304FF16D00CCF3FC /* Frameworks */ = {
			isa = PBXFrameworksBuildPhase;
			buildActionMask = 2147483647;
			files = (
				D3291E3A304FF6A200CCF3FC /* Then in Frameworks */,
				D3291E40304FF6BF00CCF3FC /* RxBlocking in Frameworks */,
				D3291E44304FF6BF00CCF3FC /* RxSwift in Frameworks */,
				D3291E42304FF6BF00CCF3FC /* RxCocoa in Frameworks */,
				D3291E3D304FF6AA00CCF3FC /* SnapKit in Frameworks */,
			);
			runOnlyForDeploymentPostprocessing = 0;
		};
		D3291E06304FF17000CCF3FC /* Frameworks */ = {
			isa = PBXFrameworksBuildPhase;
			buildActionMask = 2147483647;
			files = (
				D3291E46304FF6BF00CCF3FC /* RxTest in Frameworks */,
			);
			runOnlyForDeploymentPostprocessing = 0;
		};
		D3291E10304FF17000CCF3FC /* Frameworks */ = {
			isa = PBXFrameworksBuildPhase;
			buildActionMask = 2147483647;
			files = (
			);
			runOnlyForDeploymentPostprocessing = 0;
		};
/* End PBXFrameworksBuildPhase section */

/* Begin PBXGroup section */
		D3291DEA304FF16D00CCF3FC = {
			isa = PBXGroup;
			children = (
				D3291DF5304FF16D00CCF3FC /* RxChat */,
				D3291E0C304FF17000CCF3FC /* RxChatTests */,
				D3291E16304FF17000CCF3FC /* RxChatUITests */,
				D3291DF4304FF16D00CCF3FC /* Products */,
			);
			sourceTree = "<group>";
		};
		D3291DF4304FF16D00CCF3FC /* Products */ = {
			isa = PBXGroup;
			children = (
				D3291DF3304FF16D00CCF3FC /* RxChat.app */,
				D3291E09304FF17000CCF3FC /* RxChatTests.xctest */,
				D3291E13304FF17000CCF3FC /* RxChatUITests.xctest */,
			);
			name = Products;
			sourceTree = "<group>";
		};
/* End PBXGroup section */

/* Begin PBXNativeTarget section */
		D3291DF2304FF16D00CCF3FC /* RxChat */ = {
			isa = PBXNativeTarget;
			buildConfigurationList = D3291E1C304FF17000CCF3FC /* Build configuration list for PBXNativeTarget "RxChat" */;
			buildPhases = (
				D3291DEF304FF16D00CCF3FC /* Sources */,
				D3291DF0304FF16D00CCF3FC /* Frameworks */,
				D3291DF1304FF16D00CCF3FC /* Resources */,
			);
			buildRules = (
			);
			dependencies = (
			);
			fileSystemSynchronizedGroups = (
				D3291DF5304FF16D00CCF3FC /* RxChat */,
			);
			name = RxChat;
			packageProductDependencies = (
				D3291E39304FF6A200CCF3FC /* Then */,
				D3291E3C304FF6AA00CCF3FC /* SnapKit */,
				D3291E3F304FF6BF00CCF3FC /* RxBlocking */,
				D3291E41304FF6BF00CCF3FC /* RxCocoa */,
				D3291E43304FF6BF00CCF3FC /* RxSwift */,
			);
			productName = RxChat;
			productReference = D3291DF3304FF16D00CCF3FC /* RxChat.app */;
			productType = "com.apple.product-type.application";
		};
		D3291E08304FF17000CCF3FC /* RxChatTests */ = {
			isa = PBXNativeTarget;
			buildConfigurationList = D3291E21304FF17000CCF3FC /* Build configuration list for PBXNativeTarget "RxChatTests" */;
			buildPhases = (
				D3291E05304FF17000CCF3FC /* Sources */,
				D3291E06304FF17000CCF3FC /* Frameworks */,
				D3291E07304FF17000CCF3FC /* Resources */,
			);
			buildRules = (
			);
			dependencies = (
				D3291E0B304FF17000CCF3FC /* PBXTargetDependency */,
			);
			fileSystemSynchronizedGroups = (
				D3291E0C304FF17000CCF3FC /* RxChatTests */,
			);
			name = RxChatTests;
			packageProductDependencies = (
				D3291E45304FF6BF00CCF3FC /* RxTest */,
			);
			productName = RxChatTests;
			productReference = D3291E09304FF17000CCF3FC /* RxChatTests.xctest */;
			productType = "com.apple.product-type.bundle.unit-test";
		};
		D3291E12304FF17000CCF3FC /* RxChatUITests */ = {
			isa = PBXNativeTarget;
			buildConfigurationList = D3291E24304FF17000CCF3FC /* Build configuration list for PBXNativeTarget "RxChatUITests" */;
			buildPhases = (
				D3291E0F304FF17000CCF3FC /* Sources */,
				D3291E10304FF17000CCF3FC /* Frameworks */,
				D3291E11304FF17000CCF3FC /* Resources */,
			);
			buildRules = (
			);
			dependencies = (
				D3291E15304FF17000CCF3FC /* PBXTargetDependency */,
			);
			fileSystemSynchronizedGroups = (
				D3291E16304FF17000CCF3FC /* RxChatUITests */,
			);
			name = RxChatUITests;
			packageProductDependencies = (
			);
			productName = RxChatUITests;
			productReference = D3291E13304FF17000CCF3FC /* RxChatUITests.xctest */;
			productType = "com.apple.product-type.bundle.ui-testing";
		};
/* End PBXNativeTarget section */

/* Begin PBXProject section */
		D3291DEB304FF16D00CCF3FC /* Project object */ = {
			isa = PBXProject;
			attributes = {
				BuildIndependentTargetsInParallel = 1;
				LastSwiftUpdateCheck = 1600;
				LastUpgradeCheck = 1600;
				TargetAttributes = {
					D3291DF2304FF16D00CCF3FC = {
						CreatedOnToolsVersion = 16.0;
					};
					D3291E08304FF17000CCF3FC = {
						CreatedOnToolsVersion = 16.0;
						TestTargetID = D3291DF2304FF16D00CCF3FC;
					};
					D3291E12304FF17000CCF3FC = {
						CreatedOnToolsVersion = 16.0;
						TestTargetID = D3291DF2304FF16D00CCF3FC;
					};
				};
			};
			buildConfigurationList = D3291DEE304FF16D00CCF3FC /* Build configuration list for PBXProject "RxChat" */;
			developmentRegion = en;
			hasScannedForEncodings = 0;
			knownRegions = (
				en,
				Base,
			);
			mainGroup = D3291DEA304FF16D00CCF3FC;
			minimizedProjectReferenceProxies = 1;
			packageReferences = (
				D3291E38304FF6A200CCF3FC /* XCRemoteSwiftPackageReference "Then" */,
				D3291E3B304FF6AA00CCF3FC /* XCRemoteSwiftPackageReference "SnapKit" */,
				D3291E3E304FF6BF00CCF3FC /* XCRemoteSwiftPackageReference "RxSwift" */,
			);
			preferredProjectObjectVersion = 77;
			productRefGroup = D3291DF4304FF16D00CCF3FC /* Products */;
			projectDirPath = "";
			projectRoot = "";
			targets = (
				D3291DF2304FF16D00CCF3FC /* RxChat */,
				D3291E08304FF17000CCF3FC /* RxChatTests */,
				D3291E12304FF17000CCF3FC /* RxChatUITests */,
			);
		};
/* End PBXProject section */

/* Begin PBXResourcesBuildPhase section */
		D3291DF1304FF16D00CCF3FC /* Resources */ = {
			isa = PBXResourcesBuildPhase;
			buildActionMask = 2147483647;
			files = (
			);
			runOnlyForDeploymentPostprocessing = 0;
		};
		D3291E07304FF17000CCF3FC /* Resources */ = {
			isa = PBXResourcesBuildPhase;
			buildActionMask = 2147483647;
			files = (
			);
			runOnlyForDeploymentPostprocessing = 0;
		};
		D3291E11304FF17000CCF3FC /* Resources */ = {
			isa = PBXResourcesBuildPhase;
			buildActionMask = 2147483647;
			files = (
			);
			runOnlyForDeploymentPostprocessing = 0;
		};
/* End PBXResourcesBuildPhase section */

/* Begin PBXSourcesBuildPhase section */
		D3291DEF304FF16D00CCF3FC /* Sources */ = {
			isa = PBXSourcesBuildPhase;
			buildActionMask = 2147483647;
			files = (
			);
			runOnlyForDeploymentPostprocessing = 0;
		};
		D3291E05304FF17000CCF3FC /* Sources */ = {
			isa = PBXSourcesBuildPhase;
			buildActionMask = 2147483647;
			files = (
			);
			runOnlyForDeploymentPostprocessing = 0;
		};
		D3291E0F304FF17000CCF3FC /* Sources */ = {
			isa = PBXSourcesBuildPhase;
			buildActionMask = 2147483647;
			files = (
			);
			runOnlyForDeploymentPostprocessing = 0;
		};
/* End PBXSourcesBuildPhase section */

/* Begin PBXTargetDependency section */
		D3291E0B304FF17000CCF3FC /* PBXTargetDependency */ = {
			isa = PBXTargetDependency;
			target = D3291DF2304FF16D00CCF3FC /* RxChat */;
			targetProxy = D3291E0A304FF17000CCF3FC /* PBXContainerItemProxy */;
		};
		D3291E15304FF17000CCF3FC /* PBXTargetDependency */ = {
			isa = PBXTargetDependency;
			target = D3291DF2304FF16D00CCF3FC /* RxChat */;
			targetProxy = D3291E14304FF17000CCF3FC /* PBXContainerItemProxy */;
		};
/* End PBXTargetDependency section */

/* Begin XCBuildConfiguration section */
		D3291E1D304FF17000CCF3FC /* Debug */ = {
			isa = XCBuildConfiguration;
			buildSettings = {
				ASSETCATALOG_COMPILER_APPICON_NAME = AppIcon;
				ASSETCATALOG_COMPILER_GLOBAL_ACCENT_COLOR_NAME = AccentColor;
				CODE_SIGN_STYLE = Automatic;
				CURRENT_PROJECT_VERSION = 1;
				DEVELOPMENT_TEAM = XC9AZ42Q8N;
				GENERATE_INFOPLIST_FILE = YES;
				INFOPLIST_FILE = RxChat/App/Resource/Info.plist;
				INFOPLIST_KEY_UIApplicationSupportsIndirectInputEvents = YES;
				INFOPLIST_KEY_UILaunchStoryboardName = LaunchScreen;
				INFOPLIST_KEY_UISupportedInterfaceOrientations_iPad = "UIInterfaceOrientationPortrait UIInterfaceOrientationPortraitUpsideDown UIInterfaceOrientationLandscapeLeft UIInterfaceOrientationLandscapeRight";
				INFOPLIST_KEY_UISupportedInterfaceOrientations_iPhone = "UIInterfaceOrientationPortrait UIInterfaceOrientationLandscapeLeft UIInterfaceOrientationLandscapeRight";
				LD_RUNPATH_SEARCH_PATHS = (
					"$(inherited)",
					"@executable_path/Frameworks",
				);
				MARKETING_VERSION = 1.0;
				PRODUCT_BUNDLE_IDENTIFIER = com.Dante.RxChat;
				PRODUCT_NAME = "$(TARGET_NAME)";
				SWIFT_EMIT_LOC_STRINGS = YES;
				SWIFT_VERSION = 5.0;
				TARGETED_DEVICE_FAMILY = "1,2";
			};
			name = Debug;
		};
		D3291E1E304FF17000CCF3FC /* Release */ = {
			isa = XCBuildConfiguration;
			buildSettings = {
				ASSETCATALOG_COMPILER_APPICON_NAME = AppIcon;
				ASSETCATALOG_COMPILER_GLOBAL_ACCENT_COLOR_NAME = AccentColor;
				CODE_SIGN_STYLE = Automatic;
				CURRENT_PROJECT_VERSION = 1;
				DEVELOPMENT_TEAM = XC9AZ42Q8N;
				GENERATE_INFOPLIST_FILE = YES;
				INFOPLIST_FILE = RxChat/App/Resource/Info.plist;
				INFOPLIST_KEY_UIApplicationSupportsIndirectInputEvents = YES;
				INFOPLIST_KEY_UILaunchStoryboardName = LaunchScreen;
				INFOPLIST_KEY_UISupportedInterfaceOrientations_iPad = "UIInterfaceOrientationPortrait UIInterfaceOrientationPortraitUpsideDown UIInterfaceOrientationLandscapeLeft UIInterfaceOrientationLandscapeRight";
				INFOPLIST_KEY_UISupportedInterfaceOrientations_iPhone = "UIInterfaceOrientationPortrait UIInterfaceOrientationLandscapeLeft UIInterfaceOrientationLandscapeRight";
				LD_RUNPATH_SEARCH_PATHS = (
					"$(inherited)",
					"@executable_path/Frameworks",
				);
				MARKETING_VERSION = 1.0;
				PRODUCT_BUNDLE_IDENTIFIER = com.Dante.RxChat;
				PRODUCT_NAME = "$(TARGET_NAME)";
				SWIFT_EMIT_LOC_STRINGS = YES;
				SWIFT_VERSION = 5.0;
				TARGETED_DEVICE_FAMILY = "1,2";
			};
			name = Release;
		};
		D3291E1F304FF17000CCF3FC /* Debug */ = {
			isa = XCBuildConfiguration;
			buildSettings = {
				ALWAYS_SEARCH_USER_PATHS = NO;
				ASSETCATALOG_COMPILER_GENERATE_SWIFT_ASSET_SYMBOL_EXTENSIONS = YES;
				CLANG_ANALYZER_NONNULL = YES;
				CLANG_ANALYZER_NUMBER_OBJECT_CONVERSION = YES_AGGRESSIVE;
				CLANG_CXX_LANGUAGE_STANDARD = "gnu++20";
				CLANG_ENABLE_MODULES = YES;
				CLANG_ENABLE_OBJC_ARC = YES;
				CLANG_ENABLE_OBJC_WEAK = YES;
				CLANG_WARN_BLOCK_CAPTURE_AUTORELEASING = YES;
				CLANG_WARN_BOOL_CONVERSION = YES;
				CLANG_WARN_COMMA = YES;
				CLANG_WARN_CONSTANT_CONVERSION = YES;
				CLANG_WARN_DEPRECATED_OBJC_IMPLEMENTATIONS = YES;
				CLANG_WARN_DIRECT_OBJC_ISA_USAGE = YES_ERROR;
				CLANG_WARN_DOCUMENTATION_COMMENTS = YES;
				CLANG_WARN_EMPTY_BODY = YES;
				CLANG_WARN_ENUM_CONVERSION = YES;
				CLANG_WARN_INFINITE_RECURSION = YES;
				CLANG_WARN_INT_CONVERSION = YES;
				CLANG_WARN_NON_LITERAL_NULL_CONVERSION = YES;
				CLANG_WARN_OBJC_IMPLICIT_RETAIN_SELF = YES;
				CLANG_WARN_OBJC_LITERAL_CONVERSION = YES;
				CLANG_WARN_OBJC_ROOT_CLASS = YES_ERROR;
				CLANG_WARN_QUOTED_INCLUDE_IN_FRAMEWORK_HEADER = YES;
				CLANG_WARN_RANGE_LOOP_ANALYSIS = YES;
				CLANG_WARN_STRICT_PROTOTYPES = YES;
				CLANG_WARN_SUSPICIOUS_MOVE = YES;
				CLANG_WARN_UNGUARDED_AVAILABILITY = YES_AGGRESSIVE;
				CLANG_WARN_UNREACHABLE_CODE = YES;
				CLANG_WARN__DUPLICATE_METHOD_MATCH = YES;
				COPY_PHASE_STRIP = NO;
				DEBUG_INFORMATION_FORMAT = dwarf;
				ENABLE_STRICT_OBJC_MSGSEND = YES;
				ENABLE_TESTABILITY = YES;
				ENABLE_USER_SCRIPT_SANDBOXING = YES;
				GCC_C_LANGUAGE_STANDARD = gnu17;
				GCC_DYNAMIC_NO_PIC = NO;
				GCC_NO_COMMON_BLOCKS = YES;
				GCC_OPTIMIZATION_LEVEL = 0;
				GCC_PREPROCESSOR_DEFINITIONS = (
					"DEBUG=1",
					"$(inherited)",
				);
				GCC_WARN_64_TO_32_BIT_CONVERSION = YES;
				GCC_WARN_ABOUT_RETURN_TYPE = YES_ERROR;
				GCC_WARN_UNDECLARED_SELECTOR = YES;
				GCC_WARN_UNINITIALIZED_AUTOS = YES_AGGRESSIVE;
				GCC_WARN_UNUSED_FUNCTION = YES;
				GCC_WARN_UNUSED_VARIABLE = YES;
				IPHONEOS_DEPLOYMENT_TARGET = 18.0;
				LOCALIZATION_PREFERS_STRING_CATALOGS = YES;
				MTL_ENABLE_DEBUG_INFO = INCLUDE_SOURCE;
				MTL_FAST_MATH = YES;
				ONLY_ACTIVE_ARCH = YES;
				SDKROOT = iphoneos;
				SWIFT_ACTIVE_COMPILATION_CONDITIONS = "DEBUG $(inherited)";
				SWIFT_OPTIMIZATION_LEVEL = "-Onone";
			};
			name = Debug;
		};
		D3291E20304FF17000CCF3FC /* Release */ = {
			isa = XCBuildConfiguration;
			buildSettings = {
				ALWAYS_SEARCH_USER_PATHS = NO;
				ASSETCATALOG_COMPILER_GENERATE_SWIFT_ASSET_SYMBOL_EXTENSIONS = YES;
				CLANG_ANALYZER_NONNULL = YES;
				CLANG_ANALYZER_NUMBER_OBJECT_CONVERSION = YES_AGGRESSIVE;
				CLANG_CXX_LANGUAGE_STANDARD = "gnu++20";
				CLANG_ENABLE_MODULES = YES;
				CLANG_ENABLE_OBJC_ARC = YES;
				CLANG_ENABLE_OBJC_WEAK = YES;
				CLANG_WARN_BLOCK_CAPTURE_AUTORELEASING = YES;
				CLANG_WARN_BOOL_CONVERSION = YES;
				CLANG_WARN_COMMA = YES;
				CLANG_WARN_CONSTANT_CONVERSION = YES;
				CLANG_WARN_DEPRECATED_OBJC_IMPLEMENTATIONS = YES;
				CLANG_WARN_DIRECT_OBJC_ISA_USAGE = YES_ERROR;
				CLANG_WARN_DOCUMENTATION_COMMENTS = YES;
				CLANG_WARN_EMPTY_BODY = YES;
				CLANG_WARN_ENUM_CONVERSION = YES;
				CLANG_WARN_INFINITE_RECURSION = YES;
				CLANG_WARN_INT_CONVERSION = YES;
				CLANG_WARN_NON_LITERAL_NULL_CONVERSION = YES;
				CLANG_WARN_OBJC_IMPLICIT_RETAIN_SELF = YES;
				CLANG_WARN_OBJC_LITERAL_CONVERSION = YES;
				CLANG_WARN_OBJC_ROOT_CLASS = YES_ERROR;
				CLANG_WARN_QUOTED_INCLUDE_IN_FRAMEWORK_HEADER = YES;
				CLANG_WARN_RANGE_LOOP_ANALYSIS = YES;
				CLANG_WARN_STRICT_PROTOTYPES = YES;
				CLANG_WARN_SUSPICIOUS_MOVE = YES;
				CLANG_WARN_UNGUARDED_AVAILABILITY = YES_AGGRESSIVE;
				CLANG_WARN_UNREACHABLE_CODE = YES;
				CLANG_WARN__DUPLICATE_METHOD_MATCH = YES;
				COPY_PHASE_STRIP = NO;
				DEBUG_INFORMATION_FORMAT = "dwarf-with-dsym";
				ENABLE_NS_ASSERTIONS = NO;
				ENABLE_STRICT_OBJC_MSGSEND = YES;
				ENABLE_USER_SCRIPT_SANDBOXING = YES;
				GCC_C_LANGUAGE_STANDARD = gnu17;
				GCC_NO_COMMON_BLOCKS = YES;
				GCC_WARN_64_TO_32_BIT_CONVERSION = YES;
				GCC_WARN_ABOUT_RETURN_TYPE = YES_ERROR;
				GCC_WARN_UNDECLARED_SELECTOR = YES;
				GCC_WARN_UNINITIALIZED_AUTOS = YES_AGGRESSIVE;
				GCC_WARN_UNUSED_FUNCTION = YES;
				GCC_WARN_UNUSED_VARIABLE = YES;
				IPHONEOS_DEPLOYMENT_TARGET = 18.0;
				LOCALIZATION_PREFERS_STRING_CATALOGS = YES;
				MTL_ENABLE_DEBUG_INFO = NO;
				MTL_FAST_MATH = YES;
				SDKROOT = iphoneos;
				SWIFT_COMPILATION_MODE = wholemodule;
				VALIDATE_PRODUCT = YES;
			};
			name = Release;
		};
		D3291E22304FF17000CCF3FC /* Debug */ = {
			isa = XCBuildConfiguration;
			buildSettings = {
				BUNDLE_LOADER = "$(TEST_HOST)";
				CODE_SIGN_STYLE = Automatic;
				CURRENT_PROJECT_VERSION = 1;
				DEVELOPMENT_TEAM = XC9AZ42Q8N;
				GENERATE_INFOPLIST_FILE = YES;
				IPHONEOS_DEPLOYMENT_TARGET = 18.0;
				MARKETING_VERSION = 1.0;
				PRODUCT_BUNDLE_IDENTIFIER = com.Dante.RxChatTests;
				PRODUCT_NAME = "$(TARGET_NAME)";
				SWIFT_EMIT_LOC_STRINGS = NO;
				SWIFT_VERSION = 5.0;
				TARGETED_DEVICE_FAMILY = "1,2";
				TEST_HOST = "$(BUILT_PRODUCTS_DIR)/RxChat.app/$(BUNDLE_EXECUTABLE_FOLDER_PATH)/RxChat";
			};
			name = Debug;
		};
		D3291E23304FF17000CCF3FC /* Release */ = {
			isa = XCBuildConfiguration;
			buildSettings = {
				BUNDLE_LOADER = "$(TEST_HOST)";
				CODE_SIGN_STYLE = Automatic;
				CURRENT_PROJECT_VERSION = 1;
				DEVELOPMENT_TEAM = XC9AZ42Q8N;
				GENERATE_INFOPLIST_FILE = YES;
				IPHONEOS_DEPLOYMENT_TARGET = 18.0;
				MARKETING_VERSION = 1.0;
				PRODUCT_BUNDLE_IDENTIFIER = com.Dante.RxChatTests;
				PRODUCT_NAME = "$(TARGET_NAME)";
				SWIFT_EMIT_LOC_STRINGS = NO;
				SWIFT_VERSION = 5.0;
				TARGETED_DEVICE_FAMILY = "1,2";
				TEST_HOST = "$(BUILT_PRODUCTS_DIR)/RxChat.app/$(BUNDLE_EXECUTABLE_FOLDER_PATH)/RxChat";
			};
			name = Release;
		};
		D3291E25304FF17000CCF3FC /* Debug */ = {
			isa = XCBuildConfiguration;
			buildSettings = {
				CODE_SIGN_STYLE = Automatic;
				CURRENT_PROJECT_VERSION = 1;
				DEVELOPMENT_TEAM = XC9AZ42Q8N;
				GENERATE_INFOPLIST_FILE = YES;
				MARKETING_VERSION = 1.0;
				PRODUCT_BUNDLE_IDENTIFIER = com.Dante.RxChatUITests;
				PRODUCT_NAME = "$(TARGET_NAME)";
				SWIFT_EMIT_LOC_STRINGS = NO;
				SWIFT_VERSION = 5.0;
				TARGETED_DEVICE_FAMILY = "1,2";
				TEST_TARGET_NAME = RxChat;
			};
			name = Debug;
		};
		D3291E26304FF17000CCF3FC /* Release */ = {
			isa = XCBuildConfiguration;
			buildSettings = {
				CODE_SIGN_STYLE = Automatic;
				CURRENT_PROJECT_VERSION = 1;
				DEVELOPMENT_TEAM = XC9AZ42Q8N;
				GENERATE_INFOPLIST_FILE = YES;
				MARKETING_VERSION = 1.0;
				PRODUCT_BUNDLE_IDENTIFIER = com.Dante.RxChatUITests;
				PRODUCT_NAME = "$(TARGET_NAME)";
				SWIFT_EMIT_LOC_STRINGS = NO;
				SWIFT_VERSION = 5.0;
				TARGETED_DEVICE_FAMILY = "1,2";
				TEST_TARGET_NAME = RxChat;
			};
			name = Release;
		};
/* End XCBuildConfiguration section */

/* Begin XCConfigurationList section */
		D3291DEE304FF16D00CCF3FC /* Build configuration list for PBXProject "RxChat" */ = {
			isa = XCConfigurationList;
			buildConfigurations = (
				D3291E1F304FF17000CCF3FC /* Debug */,
				D3291E20304FF17000CCF3FC /* Release */,
			);
			defaultConfigurationIsVisible = 0;
			defaultConfigurationName = Release;
		};
		D3291E1C304FF17000CCF3FC /* Build configuration list for PBXNativeTarget "RxChat" */ = {
			isa = XCConfigurationList;
			buildConfigurations = (
				D3291E1D304FF17000CCF3FC /* Debug */,
				D3291E1E304FF17000CCF3FC /* Release */,
			);
			defaultConfigurationIsVisible = 0;
			defaultConfigurationName = Release;
		};
		D3291E21304FF17000CCF3FC /* Build configuration list for PBXNativeTarget "RxChatTests" */ = {
			isa = XCConfigurationList;
			buildConfigurations = (
				D3291E22304FF17000CCF3FC /* Debug */,
				D3291E23304FF17000CCF3FC /* Release */,
			);
			defaultConfigurationIsVisible = 0;
			defaultConfigurationName = Release;
		};
		D3291E24304FF17000CCF3FC /* Build configuration list for PBXNativeTarget "RxChatUITests" */ = {
			isa = XCConfigurationList;
			buildConfigurations = (
				D3291E25304FF17000CCF3FC /* Debug */,
				D3291E26304FF17000CCF3FC /* Release */,
			);
			defaultConfigurationIsVisible = 0;
			defaultConfigurationName = Release;
		};
/* End XCConfigurationList section */

/* Begin XCRemoteSwiftPackageReference section */
		D3291E38304FF6A200CCF3FC /* XCRemoteSwiftPackageReference "Then" */ = {
			isa = XCRemoteSwiftPackageReference;
			repositoryURL = "https://github.com/devxoul/Then";
			requirement = {
				kind = upToNextMajorVersion;
				minimumVersion = 3.0.0;
			};
		};
		D3291E3B304FF6AA00CCF3FC /* XCRemoteSwiftPackageReference "SnapKit" */ = {
			isa = XCRemoteSwiftPackageReference;
			repositoryURL = "https://github.com/SnapKit/SnapKit.git";
			requirement = {
				kind = upToNextMajorVersion;
				minimumVersion = 6.0.0;
			};
		};
		D3291E3E304FF6BF00CCF3FC /* XCRemoteSwiftPackageReference "RxSwift" */ = {
			isa = XCRemoteSwiftPackageReference;
			repositoryURL = "https://github.com/ReactiveX/RxSwift";
			requirement = {
				kind = upToNextMajorVersion;
				minimumVersion = 6.10.2;
			};
		};
/* End XCRemoteSwiftPackageReference section */

/* Begin XCSwiftPackageProductDependency section */
		D3291E39304FF6A200CCF3FC /* Then */ = {
			isa = XCSwiftPackageProductDependency;
			package = D3291E38304FF6A200CCF3FC /* XCRemoteSwiftPackageReference "Then" */;
			productName = Then;
		};
		D3291E3C304FF6AA00CCF3FC /* SnapKit */ = {
			isa = XCSwiftPackageProductDependency;
			package = D3291E3B304FF6AA00CCF3FC /* XCRemoteSwiftPackageReference "SnapKit" */;
			productName = SnapKit;
		};
		D3291E3F304FF6BF00CCF3FC /* RxBlocking */ = {
			isa = XCSwiftPackageProductDependency;
			package = D3291E3E304FF6BF00CCF3FC /* XCRemoteSwiftPackageReference "RxSwift" */;
			productName = RxBlocking;
		};
		D3291E41304FF6BF00CCF3FC /* RxCocoa */ = {
			isa = XCSwiftPackageProductDependency;
			package = D3291E3E304FF6BF00CCF3FC /* XCRemoteSwiftPackageReference "RxSwift" */;
			productName = RxCocoa;
		};
		D3291E43304FF6BF00CCF3FC /* RxSwift */ = {
			isa = XCSwiftPackageProductDependency;
			package = D3291E3E304FF6BF00CCF3FC /* XCRemoteSwiftPackageReference "RxSwift" */;
			productName = RxSwift;
		};
		D3291E45304FF6BF00CCF3FC /* RxTest */ = {
			isa = XCSwiftPackageProductDependency;
			package = D3291E3E304FF6BF00CCF3FC /* XCRemoteSwiftPackageReference "RxSwift" */;
			productName = RxTest;
		};
/* End XCSwiftPackageProductDependency section */
	};
	rootObject = D3291DEB304FF16D00CCF3FC /* Project object */;
}
